// !$*UTF8*$!
{
	archiveVersion = 1;
	classes = {
	};
	objectVersion = 46;
	objects = {

/* Begin PBXBuildFile section */
		E81D110D1E8EB70E0085B6E7 /* libExExpress.dylib in Frameworks */ = {isa = PBXBuildFile; fileRef = E82359181E49F02C000B3120 /* libExExpress.dylib */; };
		E81D11171E8EB91D0085B6E7 /* ExExRouteTests.swift in Sources */ = {isa = PBXBuildFile; fileRef = E81D11151E8EB7A30085B6E7 /* ExExRouteTests.swift */; };
		E81D11191E8EB95E0085B6E7 /* TestSupport.swift in Sources */ = {isa = PBXBuildFile; fileRef = E81D11181E8EB95E0085B6E7 /* TestSupport.swift */; };
		E85911881E8EC0D10061B209 /* RoutePattern.swift in Sources */ = {isa = PBXBuildFile; fileRef = E85911871E8EC0D10061B209 /* RoutePattern.swift */; };
		E8AFFF5D1E6F19260074266E /* time.swift in Sources */ = {isa = PBXBuildFile; fileRef = E8AFFF5A1E6F19260074266E /* time.swift */; };
		E8AFFF5E1E6F19260074266E /* timespec.swift in Sources */ = {isa = PBXBuildFile; fileRef = E8AFFF5B1E6F19260074266E /* timespec.swift */; };
		E8AFFF5F1E6F19260074266E /* timeval_any.swift in Sources */ = {isa = PBXBuildFile; fileRef = E8AFFF5C1E6F19260074266E /* timeval_any.swift */; };
		E8AFFF641E6F19300074266E /* FileOutputStream.swift in Sources */ = {isa = PBXBuildFile; fileRef = E8AFFF601E6F19300074266E /* FileOutputStream.swift */; };
		E8AFFF651E6F19300074266E /* GWritableStreamType.swift in Sources */ = {isa = PBXBuildFile; fileRef = E8AFFF611E6F19300074266E /* GWritableStreamType.swift */; };
		E8AFFF661E6F19300074266E /* WritableByteStreamType.swift in Sources */ = {isa = PBXBuildFile; fileRef = E8AFFF621E6F19300074266E /* WritableByteStreamType.swift */; };
		E8AFFF671E6F19300074266E /* WritableStreams.swift in Sources */ = {isa = PBXBuildFile; fileRef = E8AFFF631E6F19300074266E /* WritableStreams.swift */; };
		E8AFFF691E6F19420074266E /* fs_module.swift in Sources */ = {isa = PBXBuildFile; fileRef = E8AFFF681E6F19420074266E /* fs_module.swift */; };
		E8AFFF6C1E6F194C0074266E /* console_module.swift in Sources */ = {isa = PBXBuildFile; fileRef = E8AFFF6A1E6F194C0074266E /* console_module.swift */; };
		E8AFFF6D1E6F194C0074266E /* Console.swift in Sources */ = {isa = PBXBuildFile; fileRef = E8AFFF6B1E6F194C0074266E /* Console.swift */; };
		E8AFFF721E6F19580074266E /* json_module.swift in Sources */ = {isa = PBXBuildFile; fileRef = E8AFFF6E1E6F19580074266E /* json_module.swift */; };
		E8AFFF731E6F19580074266E /* JsonFile.swift in Sources */ = {isa = PBXBuildFile; fileRef = E8AFFF6F1E6F19580074266E /* JsonFile.swift */; };
		E8AFFF741E6F19580074266E /* JSONWritableStream.swift in Sources */ = {isa = PBXBuildFile; fileRef = E8AFFF701E6F19580074266E /* JSONWritableStream.swift */; };
		E8AFFF751E6F19580074266E /* Stringify.swift in Sources */ = {isa = PBXBuildFile; fileRef = E8AFFF711E6F19580074266E /* Stringify.swift */; };
		E8AFFF7E1E6F19690074266E /* Cookies.swift in Sources */ = {isa = PBXBuildFile; fileRef = E8AFFF761E6F19690074266E /* Cookies.swift */; };
		E8AFFF7F1E6F19690074266E /* http_module.swift in Sources */ = {isa = PBXBuildFile; fileRef = E8AFFF771E6F19690074266E /* http_module.swift */; };
		E8AFFF801E6F19690074266E /* HttpMessageBaseType.swift in Sources */ = {isa = PBXBuildFile; fileRef = E8AFFF781E6F19690074266E /* HttpMessageBaseType.swift */; };
		E8AFFF811E6F19690074266E /* HttpMisc.swift in Sources */ = {isa = PBXBuildFile; fileRef = E8AFFF791E6F19690074266E /* HttpMisc.swift */; };
		E8AFFF821E6F19690074266E /* IncomingMessage.swift in Sources */ = {isa = PBXBuildFile; fileRef = E8AFFF7A1E6F19690074266E /* IncomingMessage.swift */; };
		E8AFFF831E6F19690074266E /* QueryString.swift in Sources */ = {isa = PBXBuildFile; fileRef = E8AFFF7B1E6F19690074266E /* QueryString.swift */; };
		E8AFFF841E6F19690074266E /* ServerResponse.swift in Sources */ = {isa = PBXBuildFile; fileRef = E8AFFF7C1E6F19690074266E /* ServerResponse.swift */; };
		E8AFFF851E6F19690074266E /* URL.swift in Sources */ = {isa = PBXBuildFile; fileRef = E8AFFF7D1E6F19690074266E /* URL.swift */; };
		E8AFFF871E6F19820074266E /* process_module.swift in Sources */ = {isa = PBXBuildFile; fileRef = E8AFFF861E6F19820074266E /* process_module.swift */; };
		E8AFFF891E6F198E0074266E /* leftpad_module.swift in Sources */ = {isa = PBXBuildFile; fileRef = E8AFFF881E6F198E0074266E /* leftpad_module.swift */; };
		E8AFFF961E6F199F0074266E /* express_module.swift in Sources */ = {isa = PBXBuildFile; fileRef = E8AFFF8A1E6F199F0074266E /* express_module.swift */; };
		E8AFFF971E6F199F0074266E /* Express.swift in Sources */ = {isa = PBXBuildFile; fileRef = E8AFFF8B1E6F199F0074266E /* Express.swift */; };
		E8AFFF981E6F199F0074266E /* ExpressIncomingMessage.swift in Sources */ = {isa = PBXBuildFile; fileRef = E8AFFF8C1E6F199F0074266E /* ExpressIncomingMessage.swift */; };
		E8AFFF991E6F199F0074266E /* ExpressJSON.swift in Sources */ = {isa = PBXBuildFile; fileRef = E8AFFF8D1E6F199F0074266E /* ExpressJSON.swift */; };
		E8AFFF9A1E6F199F0074266E /* ExpressMustache.swift in Sources */ = {isa = PBXBuildFile; fileRef = E8AFFF8E1E6F199F0074266E /* ExpressMustache.swift */; };
		E8AFFF9B1E6F199F0074266E /* ExpressServerResponse.swift in Sources */ = {isa = PBXBuildFile; fileRef = E8AFFF8F1E6F199F0074266E /* ExpressServerResponse.swift */; };
		E8AFFF9C1E6F199F0074266E /* MiddlewareObject.swift in Sources */ = {isa = PBXBuildFile; fileRef = E8AFFF901E6F199F0074266E /* MiddlewareObject.swift */; };
		E8AFFF9D1E6F199F0074266E /* Render.swift in Sources */ = {isa = PBXBuildFile; fileRef = E8AFFF911E6F199F0074266E /* Render.swift */; };
		E8AFFF9E1E6F199F0074266E /* Route.swift in Sources */ = {isa = PBXBuildFile; fileRef = E8AFFF921E6F199F0074266E /* Route.swift */; };
		E8AFFF9F1E6F199F0074266E /* RouteKeeper.swift in Sources */ = {isa = PBXBuildFile; fileRef = E8AFFF931E6F199F0074266E /* RouteKeeper.swift */; };
		E8AFFFA01E6F199F0074266E /* Router.swift in Sources */ = {isa = PBXBuildFile; fileRef = E8AFFF941E6F199F0074266E /* Router.swift */; };
		E8AFFFA11E6F199F0074266E /* Settings.swift in Sources */ = {isa = PBXBuildFile; fileRef = E8AFFF951E6F199F0074266E /* Settings.swift */; };
		E8AFFFAB1E6F1B560074266E /* connect_module.swift in Sources */ = {isa = PBXBuildFile; fileRef = E8AFFFAA1E6F1B560074266E /* connect_module.swift */; };
		E8AFFFAD1E6F1B5D0074266E /* Connect.swift in Sources */ = {isa = PBXBuildFile; fileRef = E8AFFFAC1E6F1B5D0074266E /* Connect.swift */; };
		E8AFFFB51E6F1B6C0074266E /* BodyParser.swift in Sources */ = {isa = PBXBuildFile; fileRef = E8AFFFAE1E6F1B6C0074266E /* BodyParser.swift */; };
		E8AFFFB61E6F1B6C0074266E /* CookieParser.swift in Sources */ = {isa = PBXBuildFile; fileRef = E8AFFFAF1E6F1B6C0074266E /* CookieParser.swift */; };
		E8AFFFB71E6F1B6C0074266E /* CORS.swift in Sources */ = {isa = PBXBuildFile; fileRef = E8AFFFB01E6F1B6C0074266E /* CORS.swift */; };
		E8AFFFB81E6F1B6C0074266E /* Logger.swift in Sources */ = {isa = PBXBuildFile; fileRef = E8AFFFB11E6F1B6C0074266E /* Logger.swift */; };
		E8AFFFB91E6F1B6C0074266E /* MethodOverride.swift in Sources */ = {isa = PBXBuildFile; fileRef = E8AFFFB21E6F1B6C0074266E /* MethodOverride.swift */; };
		E8AFFFBA1E6F1B6C0074266E /* Pause.swift in Sources */ = {isa = PBXBuildFile; fileRef = E8AFFFB31E6F1B6C0074266E /* Pause.swift */; };
		E8AFFFBB1E6F1B6C0074266E /* Session.swift in Sources */ = {isa = PBXBuildFile; fileRef = E8AFFFB41E6F1B6C0074266E /* Session.swift */; };
		E8AFFFBD1E6F1B780074266E /* TypeIs.swift in Sources */ = {isa = PBXBuildFile; fileRef = E8AFFFBC1E6F1B780074266E /* TypeIs.swift */; };
		E8BCF0601E82CA1900F235C8 /* Freddy.framework in Frameworks */ = {isa = PBXBuildFile; fileRef = E8BCF05E1E82CA1900F235C8 /* Freddy.framework */; };
		E8BCF0611E82CA1900F235C8 /* libmustache.dylib in Frameworks */ = {isa = PBXBuildFile; fileRef = E8BCF05F1E82CA1900F235C8 /* libmustache.dylib */; };
/* End PBXBuildFile section */

/* Begin PBXContainerItemProxy section */
		E81D110E1E8EB70E0085B6E7 /* PBXContainerItemProxy */ = {
			isa = PBXContainerItemProxy;
			containerPortal = E82359101E49F02C000B3120 /* Project object */;
			proxyType = 1;
			remoteGlobalIDString = E82359171E49F02C000B3120;
			remoteInfo = ExExpress;
		};
/* End PBXContainerItemProxy section */

/* Begin PBXFileReference section */
		E81D11081E8EB70E0085B6E7 /* ExpressTests.xctest */ = {isa = PBXFileReference; explicitFileType = wrapper.cfbundle; includeInIndex = 0; path = ExpressTests.xctest; sourceTree = BUILT_PRODUCTS_DIR; };
		E81D11151E8EB7A30085B6E7 /* ExExRouteTests.swift */ = {isa = PBXFileReference; lastKnownFileType = sourcecode.swift; path = ExExRouteTests.swift; sourceTree = "<group>"; };
		E81D11161E8EB7A30085B6E7 /* Info.plist */ = {isa = PBXFileReference; lastKnownFileType = text.plist.xml; name = Info.plist; path = Tests/Info.plist; sourceTree = "<group>"; };
		E81D11181E8EB95E0085B6E7 /* TestSupport.swift */ = {isa = PBXFileReference; fileEncoding = 4; lastKnownFileType = sourcecode.swift; name = TestSupport.swift; path = Sources/ExExpress/http/TestSupport.swift; sourceTree = SOURCE_ROOT; };
		E82359181E49F02C000B3120 /* libExExpress.dylib */ = {isa = PBXFileReference; explicitFileType = "compiled.mach-o.dylib"; includeInIndex = 0; path = libExExpress.dylib; sourceTree = BUILT_PRODUCTS_DIR; };
		E82359B51E49F311000B3120 /* README.md */ = {isa = PBXFileReference; lastKnownFileType = net.daringfireball.markdown; path = README.md; sourceTree = "<group>"; };
		E85911851E8EBD680061B209 /* libswiftSwiftOnoneSupport.tbd */ = {isa = PBXFileReference; lastKnownFileType = "sourcecode.text-based-dylib-definition"; name = libswiftSwiftOnoneSupport.tbd; path = System/Library/PrivateFrameworks/Swift/libswiftSwiftOnoneSupport.tbd; sourceTree = SDKROOT; };
		E85911871E8EC0D10061B209 /* RoutePattern.swift */ = {isa = PBXFileReference; fileEncoding = 4; lastKnownFileType = sourcecode.swift; name = RoutePattern.swift; path = Sources/ExExpress/express/RoutePattern.swift; sourceTree = SOURCE_ROOT; };
		E8AFFF5A1E6F19260074266E /* time.swift */ = {isa = PBXFileReference; fileEncoding = 4; lastKnownFileType = sourcecode.swift; name = time.swift; path = Sources/ExExpress/xsys/time.swift; sourceTree = SOURCE_ROOT; };
		E8AFFF5B1E6F19260074266E /* timespec.swift */ = {isa = PBXFileReference; fileEncoding = 4; lastKnownFileType = sourcecode.swift; name = timespec.swift; path = Sources/ExExpress/xsys/timespec.swift; sourceTree = SOURCE_ROOT; };
		E8AFFF5C1E6F19260074266E /* timeval_any.swift */ = {isa = PBXFileReference; fileEncoding = 4; lastKnownFileType = sourcecode.swift; name = timeval_any.swift; path = Sources/ExExpress/xsys/timeval_any.swift; sourceTree = SOURCE_ROOT; };
		E8AFFF601E6F19300074266E /* FileOutputStream.swift */ = {isa = PBXFileReference; fileEncoding = 4; lastKnownFileType = sourcecode.swift; name = FileOutputStream.swift; path = Sources/ExExpress/streams/FileOutputStream.swift; sourceTree = SOURCE_ROOT; };
		E8AFFF611E6F19300074266E /* GWritableStreamType.swift */ = {isa = PBXFileReference; fileEncoding = 4; lastKnownFileType = sourcecode.swift; name = GWritableStreamType.swift; path = Sources/ExExpress/streams/GWritableStreamType.swift; sourceTree = SOURCE_ROOT; };
		E8AFFF621E6F19300074266E /* WritableByteStreamType.swift */ = {isa = PBXFileReference; fileEncoding = 4; lastKnownFileType = sourcecode.swift; name = WritableByteStreamType.swift; path = Sources/ExExpress/streams/WritableByteStreamType.swift; sourceTree = SOURCE_ROOT; };
		E8AFFF631E6F19300074266E /* WritableStreams.swift */ = {isa = PBXFileReference; fileEncoding = 4; lastKnownFileType = sourcecode.swift; name = WritableStreams.swift; path = Sources/ExExpress/streams/WritableStreams.swift; sourceTree = SOURCE_ROOT; };
		E8AFFF681E6F19420074266E /* fs_module.swift */ = {isa = PBXFileReference; fileEncoding = 4; lastKnownFileType = sourcecode.swift; name = fs_module.swift; path = Sources/ExExpress/fs/fs_module.swift; sourceTree = SOURCE_ROOT; };
		E8AFFF6A1E6F194C0074266E /* console_module.swift */ = {isa = PBXFileReference; fileEncoding = 4; lastKnownFileType = sourcecode.swift; name = console_module.swift; path = Sources/ExExpress/console/console_module.swift; sourceTree = SOURCE_ROOT; };
		E8AFFF6B1E6F194C0074266E /* Console.swift */ = {isa = PBXFileReference; fileEncoding = 4; lastKnownFileType = sourcecode.swift; name = Console.swift; path = Sources/ExExpress/console/Console.swift; sourceTree = SOURCE_ROOT; };
		E8AFFF6E1E6F19580074266E /* json_module.swift */ = {isa = PBXFileReference; fileEncoding = 4; lastKnownFileType = sourcecode.swift; name = json_module.swift; path = Sources/ExExpress/json/json_module.swift; sourceTree = SOURCE_ROOT; };
		E8AFFF6F1E6F19580074266E /* JsonFile.swift */ = {isa = PBXFileReference; fileEncoding = 4; lastKnownFileType = sourcecode.swift; name = JsonFile.swift; path = Sources/ExExpress/json/JsonFile.swift; sourceTree = SOURCE_ROOT; };
		E8AFFF701E6F19580074266E /* JSONWritableStream.swift */ = {isa = PBXFileReference; fileEncoding = 4; lastKnownFileType = sourcecode.swift; name = JSONWritableStream.swift; path = Sources/ExExpress/json/JSONWritableStream.swift; sourceTree = SOURCE_ROOT; };
		E8AFFF711E6F19580074266E /* Stringify.swift */ = {isa = PBXFileReference; fileEncoding = 4; lastKnownFileType = sourcecode.swift; name = Stringify.swift; path = Sources/ExExpress/json/Stringify.swift; sourceTree = SOURCE_ROOT; };
		E8AFFF761E6F19690074266E /* Cookies.swift */ = {isa = PBXFileReference; fileEncoding = 4; lastKnownFileType = sourcecode.swift; name = Cookies.swift; path = Sources/ExExpress/http/Cookies.swift; sourceTree = SOURCE_ROOT; };
		E8AFFF771E6F19690074266E /* http_module.swift */ = {isa = PBXFileReference; fileEncoding = 4; lastKnownFileType = sourcecode.swift; name = http_module.swift; path = Sources/ExExpress/http/http_module.swift; sourceTree = SOURCE_ROOT; };
		E8AFFF781E6F19690074266E /* HttpMessageBaseType.swift */ = {isa = PBXFileReference; fileEncoding = 4; lastKnownFileType = sourcecode.swift; name = HttpMessageBaseType.swift; path = Sources/ExExpress/http/HttpMessageBaseType.swift; sourceTree = SOURCE_ROOT; };
		E8AFFF791E6F19690074266E /* HttpMisc.swift */ = {isa = PBXFileReference; fileEncoding = 4; lastKnownFileType = sourcecode.swift; name = HttpMisc.swift; path = Sources/ExExpress/http/HttpMisc.swift; sourceTree = SOURCE_ROOT; };
		E8AFFF7A1E6F19690074266E /* IncomingMessage.swift */ = {isa = PBXFileReference; fileEncoding = 4; lastKnownFileType = sourcecode.swift; name = IncomingMessage.swift; path = Sources/ExExpress/http/IncomingMessage.swift; sourceTree = SOURCE_ROOT; };
		E8AFFF7B1E6F19690074266E /* QueryString.swift */ = {isa = PBXFileReference; fileEncoding = 4; lastKnownFileType = sourcecode.swift; name = QueryString.swift; path = Sources/ExExpress/http/QueryString.swift; sourceTree = SOURCE_ROOT; };
		E8AFFF7C1E6F19690074266E /* ServerResponse.swift */ = {isa = PBXFileReference; fileEncoding = 4; lastKnownFileType = sourcecode.swift; name = ServerResponse.swift; path = Sources/ExExpress/http/ServerResponse.swift; sourceTree = SOURCE_ROOT; };
		E8AFFF7D1E6F19690074266E /* URL.swift */ = {isa = PBXFileReference; fileEncoding = 4; lastKnownFileType = sourcecode.swift; name = URL.swift; path = Sources/ExExpress/http/URL.swift; sourceTree = SOURCE_ROOT; };
		E8AFFF861E6F19820074266E /* process_module.swift */ = {isa = PBXFileReference; fileEncoding = 4; lastKnownFileType = sourcecode.swift; name = process_module.swift; path = Sources/ExExpress/process/process_module.swift; sourceTree = SOURCE_ROOT; };
		E8AFFF881E6F198E0074266E /* leftpad_module.swift */ = {isa = PBXFileReference; fileEncoding = 4; lastKnownFileType = sourcecode.swift; name = leftpad_module.swift; path = Sources/ExExpress/leftpad/leftpad_module.swift; sourceTree = SOURCE_ROOT; };
		E8AFFF8A1E6F199F0074266E /* express_module.swift */ = {isa = PBXFileReference; fileEncoding = 4; lastKnownFileType = sourcecode.swift; name = express_module.swift; path = Sources/ExExpress/express/express_module.swift; sourceTree = SOURCE_ROOT; };
		E8AFFF8B1E6F199F0074266E /* Express.swift */ = {isa = PBXFileReference; fileEncoding = 4; lastKnownFileType = sourcecode.swift; name = Express.swift; path = Sources/ExExpress/express/Express.swift; sourceTree = SOURCE_ROOT; };
		E8AFFF8C1E6F199F0074266E /* ExpressIncomingMessage.swift */ = {isa = PBXFileReference; fileEncoding = 4; lastKnownFileType = sourcecode.swift; name = ExpressIncomingMessage.swift; path = Sources/ExExpress/express/ExpressIncomingMessage.swift; sourceTree = SOURCE_ROOT; };
		E8AFFF8D1E6F199F0074266E /* ExpressJSON.swift */ = {isa = PBXFileReference; fileEncoding = 4; lastKnownFileType = sourcecode.swift; name = ExpressJSON.swift; path = Sources/ExExpress/express/ExpressJSON.swift; sourceTree = SOURCE_ROOT; };
		E8AFFF8E1E6F199F0074266E /* ExpressMustache.swift */ = {isa = PBXFileReference; fileEncoding = 4; lastKnownFileType = sourcecode.swift; name = ExpressMustache.swift; path = Sources/ExExpress/express/ExpressMustache.swift; sourceTree = SOURCE_ROOT; };
		E8AFFF8F1E6F199F0074266E /* ExpressServerResponse.swift */ = {isa = PBXFileReference; fileEncoding = 4; lastKnownFileType = sourcecode.swift; name = ExpressServerResponse.swift; path = Sources/ExExpress/express/ExpressServerResponse.swift; sourceTree = SOURCE_ROOT; };
		E8AFFF901E6F199F0074266E /* MiddlewareObject.swift */ = {isa = PBXFileReference; fileEncoding = 4; lastKnownFileType = sourcecode.swift; name = MiddlewareObject.swift; path = Sources/ExExpress/express/MiddlewareObject.swift; sourceTree = SOURCE_ROOT; };
		E8AFFF911E6F199F0074266E /* Render.swift */ = {isa = PBXFileReference; fileEncoding = 4; lastKnownFileType = sourcecode.swift; name = Render.swift; path = Sources/ExExpress/express/Render.swift; sourceTree = SOURCE_ROOT; };
		E8AFFF921E6F199F0074266E /* Route.swift */ = {isa = PBXFileReference; fileEncoding = 4; lastKnownFileType = sourcecode.swift; name = Route.swift; path = Sources/ExExpress/express/Route.swift; sourceTree = SOURCE_ROOT; };
		E8AFFF931E6F199F0074266E /* RouteKeeper.swift */ = {isa = PBXFileReference; fileEncoding = 4; lastKnownFileType = sourcecode.swift; name = RouteKeeper.swift; path = Sources/ExExpress/express/RouteKeeper.swift; sourceTree = SOURCE_ROOT; };
		E8AFFF941E6F199F0074266E /* Router.swift */ = {isa = PBXFileReference; fileEncoding = 4; lastKnownFileType = sourcecode.swift; name = Router.swift; path = Sources/ExExpress/express/Router.swift; sourceTree = SOURCE_ROOT; };
		E8AFFF951E6F199F0074266E /* Settings.swift */ = {isa = PBXFileReference; fileEncoding = 4; lastKnownFileType = sourcecode.swift; name = Settings.swift; path = Sources/ExExpress/express/Settings.swift; sourceTree = SOURCE_ROOT; };
		E8AFFFA21E6F19BD0074266E /* Base.xcconfig */ = {isa = PBXFileReference; lastKnownFileType = text.xcconfig; name = Base.xcconfig; path = xcconfig/Base.xcconfig; sourceTree = "<group>"; };
		E8AFFFA41E6F19C90074266E /* SharedLib.xcconfig */ = {isa = PBXFileReference; lastKnownFileType = text.xcconfig; name = SharedLib.xcconfig; path = xcconfig/SharedLib.xcconfig; sourceTree = "<group>"; };
		E8AFFFA71E6F1AFD0074266E /* README.md */ = {isa = PBXFileReference; lastKnownFileType = net.daringfireball.markdown; name = README.md; path = Sources/ExExpress/console/README.md; sourceTree = SOURCE_ROOT; };
		E8AFFFA81E6F1B1D0074266E /* README.md */ = {isa = PBXFileReference; lastKnownFileType = net.daringfireball.markdown; name = README.md; path = Sources/ExExpress/express/README.md; sourceTree = SOURCE_ROOT; };
		E8AFFFA91E6F1B470074266E /* README.md */ = {isa = PBXFileReference; lastKnownFileType = net.daringfireball.markdown; name = README.md; path = Sources/ExExpress/leftpad/README.md; sourceTree = SOURCE_ROOT; };
		E8AFFFAA1E6F1B560074266E /* connect_module.swift */ = {isa = PBXFileReference; fileEncoding = 4; lastKnownFileType = sourcecode.swift; name = connect_module.swift; path = Sources/ExExpress/connect/connect_module.swift; sourceTree = SOURCE_ROOT; };
		E8AFFFAC1E6F1B5D0074266E /* Connect.swift */ = {isa = PBXFileReference; fileEncoding = 4; lastKnownFileType = sourcecode.swift; name = Connect.swift; path = Sources/ExExpress/connect/Connect.swift; sourceTree = SOURCE_ROOT; };
		E8AFFFAE1E6F1B6C0074266E /* BodyParser.swift */ = {isa = PBXFileReference; fileEncoding = 4; lastKnownFileType = sourcecode.swift; name = BodyParser.swift; path = Sources/ExExpress/connect/BodyParser.swift; sourceTree = SOURCE_ROOT; };
		E8AFFFAF1E6F1B6C0074266E /* CookieParser.swift */ = {isa = PBXFileReference; fileEncoding = 4; lastKnownFileType = sourcecode.swift; name = CookieParser.swift; path = Sources/ExExpress/connect/CookieParser.swift; sourceTree = SOURCE_ROOT; };
		E8AFFFB01E6F1B6C0074266E /* CORS.swift */ = {isa = PBXFileReference; fileEncoding = 4; lastKnownFileType = sourcecode.swift; name = CORS.swift; path = Sources/ExExpress/connect/CORS.swift; sourceTree = SOURCE_ROOT; };
		E8AFFFB11E6F1B6C0074266E /* Logger.swift */ = {isa = PBXFileReference; fileEncoding = 4; lastKnownFileType = sourcecode.swift; name = Logger.swift; path = Sources/ExExpress/connect/Logger.swift; sourceTree = SOURCE_ROOT; };
		E8AFFFB21E6F1B6C0074266E /* MethodOverride.swift */ = {isa = PBXFileReference; fileEncoding = 4; lastKnownFileType = sourcecode.swift; name = MethodOverride.swift; path = Sources/ExExpress/connect/MethodOverride.swift; sourceTree = SOURCE_ROOT; };
		E8AFFFB31E6F1B6C0074266E /* Pause.swift */ = {isa = PBXFileReference; fileEncoding = 4; lastKnownFileType = sourcecode.swift; name = Pause.swift; path = Sources/ExExpress/connect/Pause.swift; sourceTree = SOURCE_ROOT; };
		E8AFFFB41E6F1B6C0074266E /* Session.swift */ = {isa = PBXFileReference; fileEncoding = 4; lastKnownFileType = sourcecode.swift; name = Session.swift; path = Sources/ExExpress/connect/Session.swift; sourceTree = SOURCE_ROOT; };
		E8AFFFBC1E6F1B780074266E /* TypeIs.swift */ = {isa = PBXFileReference; fileEncoding = 4; lastKnownFileType = sourcecode.swift; name = TypeIs.swift; path = Sources/ExExpress/connect/TypeIs.swift; sourceTree = SOURCE_ROOT; };
		E8BCF05E1E82CA1900F235C8 /* Freddy.framework */ = {isa = PBXFileReference; lastKnownFileType = wrapper.framework; name = Freddy.framework; path = ../../../../dev/Swift/Freddy/build/Debug/Freddy.framework; sourceTree = "<group>"; };
		E8BCF05F1E82CA1900F235C8 /* libmustache.dylib */ = {isa = PBXFileReference; lastKnownFileType = "compiled.mach-o.dylib"; name = libmustache.dylib; path = "../../../../Library/Developer/Xcode/DerivedData/ExExpress-hcfwxpckgrptppdjjbzyjyvgvcgw/Build/Products/Debug/libmustache.dylib"; sourceTree = "<group>"; };
		E8E6FE0A1E91D610008814D5 /* Package.swift */ = {isa = PBXFileReference; lastKnownFileType = sourcecode.swift; path = Package.swift; sourceTree = "<group>"; };
/* End PBXFileReference section */

/* Begin PBXFrameworksBuildPhase section */
		E81D11051E8EB70E0085B6E7 /* Frameworks */ = {
			isa = PBXFrameworksBuildPhase;
			buildActionMask = 2147483647;
			files = (
				E81D110D1E8EB70E0085B6E7 /* libExExpress.dylib in Frameworks */,
			);
			runOnlyForDeploymentPostprocessing = 0;
		};
		E82359151E49F02C000B3120 /* Frameworks */ = {
			isa = PBXFrameworksBuildPhase;
			buildActionMask = 2147483647;
			files = (
				E8BCF0601E82CA1900F235C8 /* Freddy.framework in Frameworks */,
				E8BCF0611E82CA1900F235C8 /* libmustache.dylib in Frameworks */,
			);
			runOnlyForDeploymentPostprocessing = 0;
		};
/* End PBXFrameworksBuildPhase section */

/* Begin PBXGroup section */
		E81D11131E8EB7A30085B6E7 /* Tests */ = {
			isa = PBXGroup;
			children = (
				E81D11141E8EB7A30085B6E7 /* ExExpressTests */,
			);
			path = Tests;
			sourceTree = "<group>";
		};
		E81D11141E8EB7A30085B6E7 /* ExExpressTests */ = {
			isa = PBXGroup;
			children = (
				E81D11151E8EB7A30085B6E7 /* ExExRouteTests.swift */,
			);
			path = ExExpressTests;
			sourceTree = "<group>";
		};
		E823590F1E49F02C000B3120 = {
			isa = PBXGroup;
			children = (
				E82359B51E49F311000B3120 /* README.md */,
				E8E6FE0A1E91D610008814D5 /* Package.swift */,
				E82359291E49F06D000B3120 /* Sources */,
				E81D11131E8EB7A30085B6E7 /* Tests */,
				E82359281E49F066000B3120 /* Configurations */,
				E823593D1E49F0F3000B3120 /* ThirdParty */,
				E82359191E49F02C000B3120 /* Products */,
				E8BCF05D1E82CA1900F235C8 /* Frameworks */,
			);
			sourceTree = "<group>";
		};
		E82359191E49F02C000B3120 /* Products */ = {
			isa = PBXGroup;
			children = (
				E82359181E49F02C000B3120 /* libExExpress.dylib */,
				E81D11081E8EB70E0085B6E7 /* ExpressTests.xctest */,
			);
			name = Products;
			sourceTree = "<group>";
		};
		E82359281E49F066000B3120 /* Configurations */ = {
			isa = PBXGroup;
			children = (
				E8AFFFA21E6F19BD0074266E /* Base.xcconfig */,
				E8AFFFA41E6F19C90074266E /* SharedLib.xcconfig */,
				E81D11161E8EB7A30085B6E7 /* Info.plist */,
			);
			name = Configurations;
			sourceTree = "<group>";
		};
		E82359291E49F06D000B3120 /* Sources */ = {
			isa = PBXGroup;
			children = (
				E82359791E49F105000B3120 /* xsys */,
				E82359771E49F105000B3120 /* streams */,
				E823595E1E49F105000B3120 /* fs */,
				E823594B1E49F105000B3120 /* console */,
				E82359751E49F105000B3120 /* process */,
				E823596C1E49F105000B3120 /* json */,
				E82359611E49F105000B3120 /* http */,
				E82359401E49F105000B3120 /* connect */,
				E82359501E49F105000B3120 /* express */,
				E82359721E49F105000B3120 /* leftpad */,
			);
			name = Sources;
			sourceTree = "<group>";
		};
		E823593D1E49F0F3000B3120 /* ThirdParty */ = {
			isa = PBXGroup;
			children = (
			);
			name = ThirdParty;
			sourceTree = "<group>";
		};
		E82359401E49F105000B3120 /* connect */ = {
			isa = PBXGroup;
			children = (
				E8AFFFAA1E6F1B560074266E /* connect_module.swift */,
				E8AFFFAC1E6F1B5D0074266E /* Connect.swift */,
				E8AF387F1E4A06F000CBF4CB /* Middleware */,
				E8AFFFBC1E6F1B780074266E /* TypeIs.swift */,
			);
			name = connect;
			path = Sources/connect;
			sourceTree = "<group>";
		};
		E823594B1E49F105000B3120 /* console */ = {
			isa = PBXGroup;
			children = (
				E8AFFFA71E6F1AFD0074266E /* README.md */,
				E8AFFF6A1E6F194C0074266E /* console_module.swift */,
				E8AFFF6B1E6F194C0074266E /* Console.swift */,
			);
			name = console;
			path = Sources/console;
			sourceTree = "<group>";
		};
		E82359501E49F105000B3120 /* express */ = {
			isa = PBXGroup;
			children = (
				E8AFFFA81E6F1B1D0074266E /* README.md */,
				E8AFFF8A1E6F199F0074266E /* express_module.swift */,
				E8AFFF8B1E6F199F0074266E /* Express.swift */,
				E8AFFF8C1E6F199F0074266E /* ExpressIncomingMessage.swift */,
				E8AFFF8F1E6F199F0074266E /* ExpressServerResponse.swift */,
				E8AFFF901E6F199F0074266E /* MiddlewareObject.swift */,
				E8AFFF911E6F199F0074266E /* Render.swift */,
				E8AFFF921E6F199F0074266E /* Route.swift */,
				E8AFFF931E6F199F0074266E /* RouteKeeper.swift */,
				E8AFFF941E6F199F0074266E /* Router.swift */,
				E85911871E8EC0D10061B209 /* RoutePattern.swift */,
				E8AFFF951E6F199F0074266E /* Settings.swift */,
				E8AFFF8D1E6F199F0074266E /* ExpressJSON.swift */,
				E8AFFF8E1E6F199F0074266E /* ExpressMustache.swift */,
			);
			name = express;
			path = Sources/express;
			sourceTree = "<group>";
		};
		E823595E1E49F105000B3120 /* fs */ = {
			isa = PBXGroup;
			children = (
				E8AFFF681E6F19420074266E /* fs_module.swift */,
			);
			name = fs;
			path = Sources/fs;
			sourceTree = "<group>";
		};
		E82359611E49F105000B3120 /* http */ = {
			isa = PBXGroup;
			children = (
				E8AFFF771E6F19690074266E /* http_module.swift */,
				E8AFFF781E6F19690074266E /* HttpMessageBaseType.swift */,
				E8AFFF7A1E6F19690074266E /* IncomingMessage.swift */,
				E8AFFF7C1E6F19690074266E /* ServerResponse.swift */,
				E8AFFF7B1E6F19690074266E /* QueryString.swift */,
				E8AFFF761E6F19690074266E /* Cookies.swift */,
				E8AFFF7D1E6F19690074266E /* URL.swift */,
				E8AFFF791E6F19690074266E /* HttpMisc.swift */,
				E81D11181E8EB95E0085B6E7 /* TestSupport.swift */,
			);
			name = http;
			path = Sources/http;
			sourceTree = "<group>";
		};
		E823596C1E49F105000B3120 /* json */ = {
			isa = PBXGroup;
			children = (
				E8AFFF6E1E6F19580074266E /* json_module.swift */,
				E8AFFF6F1E6F19580074266E /* JsonFile.swift */,
				E8AFFF701E6F19580074266E /* JSONWritableStream.swift */,
				E8AFFF711E6F19580074266E /* Stringify.swift */,
			);
			name = json;
			path = Sources/json;
			sourceTree = "<group>";
		};
		E82359721E49F105000B3120 /* leftpad */ = {
			isa = PBXGroup;
			children = (
				E8AFFFA91E6F1B470074266E /* README.md */,
				E8AFFF881E6F198E0074266E /* leftpad_module.swift */,
			);
			name = leftpad;
			path = Sources/leftpad;
			sourceTree = "<group>";
		};
		E82359751E49F105000B3120 /* process */ = {
			isa = PBXGroup;
			children = (
				E8AFFF861E6F19820074266E /* process_module.swift */,
			);
			name = process;
			path = Sources/process;
			sourceTree = "<group>";
		};
		E82359771E49F105000B3120 /* streams */ = {
			isa = PBXGroup;
			children = (
				E8AFFF631E6F19300074266E /* WritableStreams.swift */,
				E8AFFF621E6F19300074266E /* WritableByteStreamType.swift */,
				E8AFFF601E6F19300074266E /* FileOutputStream.swift */,
				E8AFFF611E6F19300074266E /* GWritableStreamType.swift */,
			);
			name = streams;
			path = Sources/streams;
			sourceTree = "<group>";
		};
		E82359791E49F105000B3120 /* xsys */ = {
			isa = PBXGroup;
			children = (
				E8AFFF5A1E6F19260074266E /* time.swift */,
				E8AFFF5B1E6F19260074266E /* timespec.swift */,
				E8AFFF5C1E6F19260074266E /* timeval_any.swift */,
			);
			name = xsys;
			path = Sources/xsys;
			sourceTree = "<group>";
		};
		E8AF387F1E4A06F000CBF4CB /* Middleware */ = {
			isa = PBXGroup;
			children = (
				E8AFFFAE1E6F1B6C0074266E /* BodyParser.swift */,
				E8AFFFAF1E6F1B6C0074266E /* CookieParser.swift */,
				E8AFFFB01E6F1B6C0074266E /* CORS.swift */,
				E8AFFFB11E6F1B6C0074266E /* Logger.swift */,
				E8AFFFB21E6F1B6C0074266E /* MethodOverride.swift */,
				E8AFFFB31E6F1B6C0074266E /* Pause.swift */,
				E8AFFFB41E6F1B6C0074266E /* Session.swift */,
			);
			name = Middleware;
			sourceTree = "<group>";
		};
		E8BCF05D1E82CA1900F235C8 /* Frameworks */ = {
			isa = PBXGroup;
			children = (
				E85911851E8EBD680061B209 /* libswiftSwiftOnoneSupport.tbd */,
				E8BCF05E1E82CA1900F235C8 /* Freddy.framework */,
				E8BCF05F1E82CA1900F235C8 /* libmustache.dylib */,
			);
			name = Frameworks;
			sourceTree = "<group>";
		};
/* End PBXGroup section */

/* Begin PBXHeadersBuildPhase section */
		E82359161E49F02C000B3120 /* Headers */ = {
			isa = PBXHeadersBuildPhase;
			buildActionMask = 2147483647;
			files = (
			);
			runOnlyForDeploymentPostprocessing = 0;
		};
/* End PBXHeadersBuildPhase section */

/* Begin PBXNativeTarget section */
		E81D11071E8EB70E0085B6E7 /* ExpressTests */ = {
			isa = PBXNativeTarget;
			buildConfigurationList = E81D11121E8EB70E0085B6E7 /* Build configuration list for PBXNativeTarget "ExpressTests" */;
			buildPhases = (
				E81D11041E8EB70E0085B6E7 /* Sources */,
				E81D11051E8EB70E0085B6E7 /* Frameworks */,
				E81D11061E8EB70E0085B6E7 /* Resources */,
			);
			buildRules = (
			);
			dependencies = (
				E81D110F1E8EB70E0085B6E7 /* PBXTargetDependency */,
			);
			name = ExpressTests;
			productName = ExpressTests;
			productReference = E81D11081E8EB70E0085B6E7 /* ExpressTests.xctest */;
			productType = "com.apple.product-type.bundle.unit-test";
		};
		E82359171E49F02C000B3120 /* ExExpress */ = {
			isa = PBXNativeTarget;
			buildConfigurationList = E823591C1E49F02C000B3120 /* Build configuration list for PBXNativeTarget "ExExpress" */;
			buildPhases = (
				E82359141E49F02C000B3120 /* Sources */,
				E82359151E49F02C000B3120 /* Frameworks */,
				E82359161E49F02C000B3120 /* Headers */,
			);
			buildRules = (
			);
			dependencies = (
			);
			name = ExExpress;
			productName = ExExpress;
			productReference = E82359181E49F02C000B3120 /* libExExpress.dylib */;
			productType = "com.apple.product-type.library.dynamic";
		};
/* End PBXNativeTarget section */

/* Begin PBXProject section */
		E82359101E49F02C000B3120 /* Project object */ = {
			isa = PBXProject;
			attributes = {
				LastSwiftUpdateCheck = 0820;
				LastUpgradeCheck = 0820;
				ORGANIZATIONNAME = "ZeeZide GmbH";
				TargetAttributes = {
					E81D11071E8EB70E0085B6E7 = {
						CreatedOnToolsVersion = 8.2.1;
						ProvisioningStyle = Automatic;
					};
					E82359171E49F02C000B3120 = {
						CreatedOnToolsVersion = 8.2.1;
						ProvisioningStyle = Automatic;
					};
				};
			};
			buildConfigurationList = E82359131E49F02C000B3120 /* Build configuration list for PBXProject "ExExpress" */;
			compatibilityVersion = "Xcode 3.2";
			developmentRegion = English;
			hasScannedForEncodings = 0;
			knownRegions = (
				en,
			);
			mainGroup = E823590F1E49F02C000B3120;
			productRefGroup = E82359191E49F02C000B3120 /* Products */;
			projectDirPath = "";
			projectRoot = "";
			targets = (
				E82359171E49F02C000B3120 /* ExExpress */,
				E81D11071E8EB70E0085B6E7 /* ExpressTests */,
			);
		};
/* End PBXProject section */

/* Begin PBXResourcesBuildPhase section */
		E81D11061E8EB70E0085B6E7 /* Resources */ = {
			isa = PBXResourcesBuildPhase;
			buildActionMask = 2147483647;
			files = (
			);
			runOnlyForDeploymentPostprocessing = 0;
		};
/* End PBXResourcesBuildPhase section */

/* Begin PBXSourcesBuildPhase section */
		E81D11041E8EB70E0085B6E7 /* Sources */ = {
			isa = PBXSourcesBuildPhase;
			buildActionMask = 2147483647;
			files = (
				E81D11171E8EB91D0085B6E7 /* ExExRouteTests.swift in Sources */,
			);
			runOnlyForDeploymentPostprocessing = 0;
		};
		E82359141E49F02C000B3120 /* Sources */ = {
			isa = PBXSourcesBuildPhase;
			buildActionMask = 2147483647;
			files = (
				E8AFFFB91E6F1B6C0074266E /* MethodOverride.swift in Sources */,
				E8AFFFA11E6F199F0074266E /* Settings.swift in Sources */,
				E8AFFF7F1E6F19690074266E /* http_module.swift in Sources */,
				E8AFFFAB1E6F1B560074266E /* connect_module.swift in Sources */,
				E8AFFFB71E6F1B6C0074266E /* CORS.swift in Sources */,
				E8AFFF9B1E6F199F0074266E /* ExpressServerResponse.swift in Sources */,
				E8AFFF6C1E6F194C0074266E /* console_module.swift in Sources */,
				E8AFFF731E6F19580074266E /* JsonFile.swift in Sources */,
				E8AFFF9F1E6F199F0074266E /* RouteKeeper.swift in Sources */,
				E8AFFFBA1E6F1B6C0074266E /* Pause.swift in Sources */,
				E8AFFF5D1E6F19260074266E /* time.swift in Sources */,
				E8AFFF961E6F199F0074266E /* express_module.swift in Sources */,
				E8AFFF9E1E6F199F0074266E /* Route.swift in Sources */,
				E8AFFF851E6F19690074266E /* URL.swift in Sources */,
				E8AFFF691E6F19420074266E /* fs_module.swift in Sources */,
				E8AFFF5E1E6F19260074266E /* timespec.swift in Sources */,
				E8AFFFBD1E6F1B780074266E /* TypeIs.swift in Sources */,
				E8AFFF801E6F19690074266E /* HttpMessageBaseType.swift in Sources */,
				E8AFFF891E6F198E0074266E /* leftpad_module.swift in Sources */,
				E8AFFF7E1E6F19690074266E /* Cookies.swift in Sources */,
				E8AFFF9A1E6F199F0074266E /* ExpressMustache.swift in Sources */,
				E8AFFFA01E6F199F0074266E /* Router.swift in Sources */,
				E8AFFF821E6F19690074266E /* IncomingMessage.swift in Sources */,
				E8AFFF751E6F19580074266E /* Stringify.swift in Sources */,
				E81D11191E8EB95E0085B6E7 /* TestSupport.swift in Sources */,
				E8AFFFBB1E6F1B6C0074266E /* Session.swift in Sources */,
				E85911881E8EC0D10061B209 /* RoutePattern.swift in Sources */,
				E8AFFF671E6F19300074266E /* WritableStreams.swift in Sources */,
				E8AFFF811E6F19690074266E /* HttpMisc.swift in Sources */,
				E8AFFFAD1E6F1B5D0074266E /* Connect.swift in Sources */,
				E8AFFF721E6F19580074266E /* json_module.swift in Sources */,
				E8AFFF991E6F199F0074266E /* ExpressJSON.swift in Sources */,
				E8AFFFB51E6F1B6C0074266E /* BodyParser.swift in Sources */,
				E8AFFF9D1E6F199F0074266E /* Render.swift in Sources */,
				E8AFFF831E6F19690074266E /* QueryString.swift in Sources */,
				E8AFFF9C1E6F199F0074266E /* MiddlewareObject.swift in Sources */,
				E8AFFF971E6F199F0074266E /* Express.swift in Sources */,
				E8AFFFB61E6F1B6C0074266E /* CookieParser.swift in Sources */,
				E8AFFF641E6F19300074266E /* FileOutputStream.swift in Sources */,
				E8AFFF5F1E6F19260074266E /* timeval_any.swift in Sources */,
				E8AFFF651E6F19300074266E /* GWritableStreamType.swift in Sources */,
				E8AFFF661E6F19300074266E /* WritableByteStreamType.swift in Sources */,
				E8AFFF871E6F19820074266E /* process_module.swift in Sources */,
				E8AFFF6D1E6F194C0074266E /* Console.swift in Sources */,
				E8AFFFB81E6F1B6C0074266E /* Logger.swift in Sources */,
				E8AFFF841E6F19690074266E /* ServerResponse.swift in Sources */,
				E8AFFF741E6F19580074266E /* JSONWritableStream.swift in Sources */,
				E8AFFF981E6F199F0074266E /* ExpressIncomingMessage.swift in Sources */,
			);
			runOnlyForDeploymentPostprocessing = 0;
		};
/* End PBXSourcesBuildPhase section */

/* Begin PBXTargetDependency section */
		E81D110F1E8EB70E0085B6E7 /* PBXTargetDependency */ = {
			isa = PBXTargetDependency;
			target = E82359171E49F02C000B3120 /* ExExpress */;
			targetProxy = E81D110E1E8EB70E0085B6E7 /* PBXContainerItemProxy */;
		};
/* End PBXTargetDependency section */

/* Begin XCBuildConfiguration section */
		E81D11101E8EB70E0085B6E7 /* Debug */ = {
			isa = XCBuildConfiguration;
			baseConfigurationReference = E8AFFFA41E6F19C90074266E /* SharedLib.xcconfig */;
			buildSettings = {
				ALWAYS_SEARCH_USER_PATHS = NO;
				CLANG_ANALYZER_NONNULL = YES;
				CLANG_ENABLE_MODULES = YES;
				CLANG_WARN_BOOL_CONVERSION = YES;
				CLANG_WARN_CONSTANT_CONVERSION = YES;
				CLANG_WARN_DIRECT_OBJC_ISA_USAGE = YES_ERROR;
				CLANG_WARN_EMPTY_BODY = YES;
				CLANG_WARN_ENUM_CONVERSION = YES;
				CLANG_WARN_INFINITE_RECURSION = YES;
				CLANG_WARN_INT_CONVERSION = YES;
				CLANG_WARN_OBJC_ROOT_CLASS = YES_ERROR;
				CLANG_WARN_SUSPICIOUS_MOVE = YES;
				CLANG_WARN_UNREACHABLE_CODE = YES;
				CLANG_WARN__DUPLICATE_METHOD_MATCH = YES;
				CODE_SIGN_IDENTITY = "-";
				COMBINE_HIDPI_IMAGES = YES;
				ENABLE_STRICT_OBJC_MSGSEND = YES;
				GCC_C_LANGUAGE_STANDARD = gnu99;
				GCC_NO_COMMON_BLOCKS = YES;
				GCC_WARN_64_TO_32_BIT_CONVERSION = YES;
				GCC_WARN_ABOUT_RETURN_TYPE = YES_ERROR;
				GCC_WARN_UNDECLARED_SELECTOR = YES;
				GCC_WARN_UNINITIALIZED_AUTOS = YES_AGGRESSIVE;
				GCC_WARN_UNUSED_FUNCTION = YES;
				GCC_WARN_UNUSED_VARIABLE = YES;
				INFOPLIST_FILE = Tests/Info.plist;
				LD_RUNPATH_SEARCH_PATHS = "$(inherited) @executable_path/../Frameworks @loader_path/../Frameworks";
				LIBRARY_SEARCH_PATHS = (
					"$(inherited)",
					"$(SDKROOT)$(SYSTEM_LIBRARY_DIR)/PrivateFrameworks/Swift",
				);
				PRODUCT_BUNDLE_IDENTIFIER = "org.mod-swift.apache.samples.ExpressTests";
				PRODUCT_NAME = "$(TARGET_NAME)";
				SWIFT_ACTIVE_COMPILATION_CONDITIONS = DEBUG;
				SWIFT_OPTIMIZATION_LEVEL = "-Onone";
				SWIFT_VERSION = 3.0;
			};
			name = Debug;
		};
		E81D11111E8EB70E0085B6E7 /* Release */ = {
			isa = XCBuildConfiguration;
			baseConfigurationReference = E8AFFFA41E6F19C90074266E /* SharedLib.xcconfig */;
			buildSettings = {
				ALWAYS_SEARCH_USER_PATHS = NO;
				CLANG_ANALYZER_NONNULL = YES;
				CLANG_ENABLE_MODULES = YES;
				CLANG_WARN_BOOL_CONVERSION = YES;
				CLANG_WARN_CONSTANT_CONVERSION = YES;
				CLANG_WARN_DIRECT_OBJC_ISA_USAGE = YES_ERROR;
				CLANG_WARN_EMPTY_BODY = YES;
				CLANG_WARN_ENUM_CONVERSION = YES;
				CLANG_WARN_INFINITE_RECURSION = YES;
				CLANG_WARN_INT_CONVERSION = YES;
				CLANG_WARN_OBJC_ROOT_CLASS = YES_ERROR;
				CLANG_WARN_SUSPICIOUS_MOVE = YES;
				CLANG_WARN_UNREACHABLE_CODE = YES;
				CLANG_WARN__DUPLICATE_METHOD_MATCH = YES;
				CODE_SIGN_IDENTITY = "-";
				COMBINE_HIDPI_IMAGES = YES;
				ENABLE_STRICT_OBJC_MSGSEND = YES;
				GCC_C_LANGUAGE_STANDARD = gnu99;
				GCC_NO_COMMON_BLOCKS = YES;
				GCC_WARN_64_TO_32_BIT_CONVERSION = YES;
				GCC_WARN_ABOUT_RETURN_TYPE = YES_ERROR;
				GCC_WARN_UNDECLARED_SELECTOR = YES;
				GCC_WARN_UNINITIALIZED_AUTOS = YES_AGGRESSIVE;
				GCC_WARN_UNUSED_FUNCTION = YES;
				GCC_WARN_UNUSED_VARIABLE = YES;
				INFOPLIST_FILE = Tests/Info.plist;
				LD_RUNPATH_SEARCH_PATHS = "$(inherited) @executable_path/../Frameworks @loader_path/../Frameworks";
				LIBRARY_SEARCH_PATHS = (
					"$(inherited)",
					"$(SDKROOT)$(SYSTEM_LIBRARY_DIR)/PrivateFrameworks/Swift",
				);
				PRODUCT_BUNDLE_IDENTIFIER = "org.mod-swift.apache.samples.ExpressTests";
				PRODUCT_NAME = "$(TARGET_NAME)";
				SWIFT_OPTIMIZATION_LEVEL = "-Owholemodule";
				SWIFT_VERSION = 3.0;
			};
			name = Release;
		};
		E823591A1E49F02C000B3120 /* Debug */ = {
			isa = XCBuildConfiguration;
			baseConfigurationReference = E8AFFFA21E6F19BD0074266E /* Base.xcconfig */;
			buildSettings = {
				CLANG_CXX_LANGUAGE_STANDARD = "gnu++0x";
				CLANG_CXX_LIBRARY = "libc++";
				CLANG_ENABLE_OBJC_ARC = YES;
				CLANG_WARN_DOCUMENTATION_COMMENTS = YES;
				COPY_PHASE_STRIP = NO;
				DEBUG_INFORMATION_FORMAT = dwarf;
				ENABLE_TESTABILITY = YES;
				GCC_DYNAMIC_NO_PIC = NO;
				GCC_OPTIMIZATION_LEVEL = 0;
				GCC_PREPROCESSOR_DEFINITIONS = (
					"DEBUG=1",
					"$(inherited)",
				);
				MACOSX_DEPLOYMENT_TARGET = 10.11;
				MTL_ENABLE_DEBUG_INFO = YES;
				ONLY_ACTIVE_ARCH = YES;
				SDKROOT = macosx;
			};
			name = Debug;
		};
		E823591B1E49F02C000B3120 /* Release */ = {
			isa = XCBuildConfiguration;
			baseConfigurationReference = E8AFFFA21E6F19BD0074266E /* Base.xcconfig */;
			buildSettings = {
				CLANG_CXX_LANGUAGE_STANDARD = "gnu++0x";
				CLANG_CXX_LIBRARY = "libc++";
				CLANG_ENABLE_OBJC_ARC = YES;
				CLANG_WARN_DOCUMENTATION_COMMENTS = YES;
				COPY_PHASE_STRIP = NO;
				DEBUG_INFORMATION_FORMAT = "dwarf-with-dsym";
				ENABLE_NS_ASSERTIONS = NO;
				MACOSX_DEPLOYMENT_TARGET = 10.11;
				MTL_ENABLE_DEBUG_INFO = NO;
				SDKROOT = macosx;
			};
			name = Release;
		};
		E823591D1E49F02C000B3120 /* Debug */ = {
			isa = XCBuildConfiguration;
			baseConfigurationReference = E8AFFFA41E6F19C90074266E /* SharedLib.xcconfig */;
			buildSettings = {
				DYLIB_COMPATIBILITY_VERSION = 1;
				DYLIB_CURRENT_VERSION = 1;
				EXECUTABLE_PREFIX = lib;
				PRODUCT_NAME = "$(TARGET_NAME)";
			};
			name = Debug;
		};
		E823591E1E49F02C000B3120 /* Release */ = {
			isa = XCBuildConfiguration;
			baseConfigurationReference = E8AFFFA41E6F19C90074266E /* SharedLib.xcconfig */;
			buildSettings = {
				DYLIB_COMPATIBILITY_VERSION = 1;
				DYLIB_CURRENT_VERSION = 1;
				EXECUTABLE_PREFIX = lib;
				PRODUCT_NAME = "$(TARGET_NAME)";
			};
			name = Release;
		};
/* End XCBuildConfiguration section */

/* Begin XCConfigurationList section */
		E81D11121E8EB70E0085B6E7 /* Build configuration list for PBXNativeTarget "ExpressTests" */ = {
			isa = XCConfigurationList;
			buildConfigurations = (
				E81D11101E8EB70E0085B6E7 /* Debug */,
				E81D11111E8EB70E0085B6E7 /* Release */,
			);
			defaultConfigurationIsVisible = 0;
			defaultConfigurationName = Release;
		};
		E82359131E49F02C000B3120 /* Build configuration list for PBXProject "ExExpress" */ = {
			isa = XCConfigurationList;
			buildConfigurations = (
				E823591A1E49F02C000B3120 /* Debug */,
				E823591B1E49F02C000B3120 /* Release */,
			);
			defaultConfigurationIsVisible = 0;
			defaultConfigurationName = Release;
		};
		E823591C1E49F02C000B3120 /* Build configuration list for PBXNativeTarget "ExExpress" */ = {
			isa = XCConfigurationList;
			buildConfigurations = (
				E823591D1E49F02C000B3120 /* Debug */,
				E823591E1E49F02C000B3120 /* Release */,
			);
			defaultConfigurationIsVisible = 0;
			defaultConfigurationName = Release;
		};
/* End XCConfigurationList section */
	};
	rootObject = E82359101E49F02C000B3120 /* Project object */;
}
